// !$*UTF8*$!
{
	archiveVersion = 1;
	classes = {
	};
	objectVersion = 56;
	objects = {

/* Begin PBXBuildFile section */
		B36183152C52F1B600C1720B /* AppDelegate.swift in Sources */ = {isa = PBXBuildFile; fileRef = B36183142C52F1B600C1720B /* AppDelegate.swift */; };
		B36183172C52F1B600C1720B /* SceneDelegate.swift in Sources */ = {isa = PBXBuildFile; fileRef = B36183162C52F1B600C1720B /* SceneDelegate.swift */; };
		B361831E2C52F1BA00C1720B /* Assets.xcassets in Resources */ = {isa = PBXBuildFile; fileRef = B361831D2C52F1BA00C1720B /* Assets.xcassets */; };
		B361832C2C52F1BA00C1720B /* crypto_exchange_appTests.swift in Sources */ = {isa = PBXBuildFile; fileRef = B361832B2C52F1BA00C1720B /* crypto_exchange_appTests.swift */; };
		B36183362C52F1BA00C1720B /* crypto_exchange_appUITests.swift in Sources */ = {isa = PBXBuildFile; fileRef = B36183352C52F1BA00C1720B /* crypto_exchange_appUITests.swift */; };
		B36183382C52F1BA00C1720B /* crypto_exchange_appUITestsLaunchTests.swift in Sources */ = {isa = PBXBuildFile; fileRef = B36183372C52F1BA00C1720B /* crypto_exchange_appUITestsLaunchTests.swift */; };
		B361834B2C52F26E00C1720B /* ExchangeListPresenter.swift in Sources */ = {isa = PBXBuildFile; fileRef = B36183462C52F26E00C1720B /* ExchangeListPresenter.swift */; };
		B361834C2C52F26E00C1720B /* ExchangeListRouter.swift in Sources */ = {isa = PBXBuildFile; fileRef = B36183472C52F26E00C1720B /* ExchangeListRouter.swift */; };
		B361834D2C52F26E00C1720B /* ExchangeListViewController.swift in Sources */ = {isa = PBXBuildFile; fileRef = B36183482C52F26E00C1720B /* ExchangeListViewController.swift */; };
		B361834E2C52F26E00C1720B /* ExchangeListInteractor.swift in Sources */ = {isa = PBXBuildFile; fileRef = B36183492C52F26E00C1720B /* ExchangeListInteractor.swift */; };
		B361834F2C52F26E00C1720B /* ExchangeListModel.swift in Sources */ = {isa = PBXBuildFile; fileRef = B361834A2C52F26E00C1720B /* ExchangeListModel.swift */; };
		B36183542C52F3E200C1720B /* ServiceProvider.swift in Sources */ = {isa = PBXBuildFile; fileRef = B36183532C52F3E200C1720B /* ServiceProvider.swift */; };
		B36183572C52F6F800C1720B /* ServiceProviderModel.swift in Sources */ = {isa = PBXBuildFile; fileRef = B36183562C52F6F800C1720B /* ServiceProviderModel.swift */; };
		B361835D2C530FE800C1720B /* KeychainSwift in Frameworks */ = {isa = PBXBuildFile; productRef = B361835C2C530FE800C1720B /* KeychainSwift */; };
		B36183652C531DD600C1720B /* SnapKit in Frameworks */ = {isa = PBXBuildFile; productRef = B36183642C531DD600C1720B /* SnapKit */; };
		B36183682C531E8D00C1720B /* CustomExchangeCell.swift in Sources */ = {isa = PBXBuildFile; fileRef = B36183672C531E8D00C1720B /* CustomExchangeCell.swift */; };
		B361836B2C5324C000C1720B /* UIView-Shimmer in Frameworks */ = {isa = PBXBuildFile; productRef = B361836A2C5324C000C1720B /* UIView-Shimmer */; };
		B36183722C532EB500C1720B /* ExchangeDetailsPresenter.swift in Sources */ = {isa = PBXBuildFile; fileRef = B361836D2C532EB500C1720B /* ExchangeDetailsPresenter.swift */; };
		B36183732C532EB500C1720B /* ExchangeDetailsRouter.swift in Sources */ = {isa = PBXBuildFile; fileRef = B361836E2C532EB500C1720B /* ExchangeDetailsRouter.swift */; };
		B36183742C532EB500C1720B /* ExchangeDetailsViewController.swift in Sources */ = {isa = PBXBuildFile; fileRef = B361836F2C532EB500C1720B /* ExchangeDetailsViewController.swift */; };
		B36183752C532EB500C1720B /* ExchangeDetailsInteractor.swift in Sources */ = {isa = PBXBuildFile; fileRef = B36183702C532EB500C1720B /* ExchangeDetailsInteractor.swift */; };
		B36183762C532EB500C1720B /* ExchangeDetailsModel.swift in Sources */ = {isa = PBXBuildFile; fileRef = B36183712C532EB500C1720B /* ExchangeDetailsModel.swift */; };
		B36183782C53D13200C1720B /* DateFormatter+Extension.swift in Sources */ = {isa = PBXBuildFile; fileRef = B36183772C53D13200C1720B /* DateFormatter+Extension.swift */; };
/* End PBXBuildFile section */

/* Begin PBXContainerItemProxy section */
		B36183282C52F1BA00C1720B /* PBXContainerItemProxy */ = {
			isa = PBXContainerItemProxy;
			containerPortal = B36183092C52F1B600C1720B /* Project object */;
			proxyType = 1;
			remoteGlobalIDString = B36183102C52F1B600C1720B;
			remoteInfo = crypto_exchange_app;
		};
		B36183322C52F1BA00C1720B /* PBXContainerItemProxy */ = {
			isa = PBXContainerItemProxy;
			containerPortal = B36183092C52F1B600C1720B /* Project object */;
			proxyType = 1;
			remoteGlobalIDString = B36183102C52F1B600C1720B;
			remoteInfo = crypto_exchange_app;
		};
/* End PBXContainerItemProxy section */

/* Begin PBXFileReference section */
		B36183112C52F1B600C1720B /* crypto_exchange_app.app */ = {isa = PBXFileReference; explicitFileType = wrapper.application; includeInIndex = 0; path = crypto_exchange_app.app; sourceTree = BUILT_PRODUCTS_DIR; };
		B36183142C52F1B600C1720B /* AppDelegate.swift */ = {isa = PBXFileReference; lastKnownFileType = sourcecode.swift; path = AppDelegate.swift; sourceTree = "<group>"; };
		B36183162C52F1B600C1720B /* SceneDelegate.swift */ = {isa = PBXFileReference; lastKnownFileType = sourcecode.swift; path = SceneDelegate.swift; sourceTree = "<group>"; };
		B361831D2C52F1BA00C1720B /* Assets.xcassets */ = {isa = PBXFileReference; lastKnownFileType = folder.assetcatalog; path = Assets.xcassets; sourceTree = "<group>"; };
		B36183222C52F1BA00C1720B /* Info.plist */ = {isa = PBXFileReference; lastKnownFileType = text.plist.xml; path = Info.plist; sourceTree = "<group>"; };
		B36183272C52F1BA00C1720B /* crypto_exchange_appTests.xctest */ = {isa = PBXFileReference; explicitFileType = wrapper.cfbundle; includeInIndex = 0; path = crypto_exchange_appTests.xctest; sourceTree = BUILT_PRODUCTS_DIR; };
		B361832B2C52F1BA00C1720B /* crypto_exchange_appTests.swift */ = {isa = PBXFileReference; lastKnownFileType = sourcecode.swift; path = crypto_exchange_appTests.swift; sourceTree = "<group>"; };
		B36183312C52F1BA00C1720B /* crypto_exchange_appUITests.xctest */ = {isa = PBXFileReference; explicitFileType = wrapper.cfbundle; includeInIndex = 0; path = crypto_exchange_appUITests.xctest; sourceTree = BUILT_PRODUCTS_DIR; };
		B36183352C52F1BA00C1720B /* crypto_exchange_appUITests.swift */ = {isa = PBXFileReference; lastKnownFileType = sourcecode.swift; path = crypto_exchange_appUITests.swift; sourceTree = "<group>"; };
		B36183372C52F1BA00C1720B /* crypto_exchange_appUITestsLaunchTests.swift */ = {isa = PBXFileReference; lastKnownFileType = sourcecode.swift; path = crypto_exchange_appUITestsLaunchTests.swift; sourceTree = "<group>"; };
		B36183462C52F26E00C1720B /* ExchangeListPresenter.swift */ = {isa = PBXFileReference; lastKnownFileType = sourcecode.swift; path = ExchangeListPresenter.swift; sourceTree = "<group>"; };
		B36183472C52F26E00C1720B /* ExchangeListRouter.swift */ = {isa = PBXFileReference; lastKnownFileType = sourcecode.swift; path = ExchangeListRouter.swift; sourceTree = "<group>"; };
		B36183482C52F26E00C1720B /* ExchangeListViewController.swift */ = {isa = PBXFileReference; lastKnownFileType = sourcecode.swift; path = ExchangeListViewController.swift; sourceTree = "<group>"; };
		B36183492C52F26E00C1720B /* ExchangeListInteractor.swift */ = {isa = PBXFileReference; lastKnownFileType = sourcecode.swift; path = ExchangeListInteractor.swift; sourceTree = "<group>"; };
		B361834A2C52F26E00C1720B /* ExchangeListModel.swift */ = {isa = PBXFileReference; lastKnownFileType = sourcecode.swift; path = ExchangeListModel.swift; sourceTree = "<group>"; };
		B36183532C52F3E200C1720B /* ServiceProvider.swift */ = {isa = PBXFileReference; lastKnownFileType = sourcecode.swift; path = ServiceProvider.swift; sourceTree = "<group>"; };
		B36183562C52F6F800C1720B /* ServiceProviderModel.swift */ = {isa = PBXFileReference; lastKnownFileType = sourcecode.swift; path = ServiceProviderModel.swift; sourceTree = "<group>"; };
		B36183672C531E8D00C1720B /* CustomExchangeCell.swift */ = {isa = PBXFileReference; lastKnownFileType = sourcecode.swift; path = CustomExchangeCell.swift; sourceTree = "<group>"; };
		B361836D2C532EB500C1720B /* ExchangeDetailsPresenter.swift */ = {isa = PBXFileReference; lastKnownFileType = sourcecode.swift; path = ExchangeDetailsPresenter.swift; sourceTree = "<group>"; };
		B361836E2C532EB500C1720B /* ExchangeDetailsRouter.swift */ = {isa = PBXFileReference; lastKnownFileType = sourcecode.swift; path = ExchangeDetailsRouter.swift; sourceTree = "<group>"; };
		B361836F2C532EB500C1720B /* ExchangeDetailsViewController.swift */ = {isa = PBXFileReference; lastKnownFileType = sourcecode.swift; path = ExchangeDetailsViewController.swift; sourceTree = "<group>"; };
		B36183702C532EB500C1720B /* ExchangeDetailsInteractor.swift */ = {isa = PBXFileReference; lastKnownFileType = sourcecode.swift; path = ExchangeDetailsInteractor.swift; sourceTree = "<group>"; };
		B36183712C532EB500C1720B /* ExchangeDetailsModel.swift */ = {isa = PBXFileReference; lastKnownFileType = sourcecode.swift; path = ExchangeDetailsModel.swift; sourceTree = "<group>"; };
		B36183772C53D13200C1720B /* DateFormatter+Extension.swift */ = {isa = PBXFileReference; lastKnownFileType = sourcecode.swift; path = "DateFormatter+Extension.swift"; sourceTree = "<group>"; };
/* End PBXFileReference section */

/* Begin PBXFrameworksBuildPhase section */
		B361830E2C52F1B600C1720B /* Frameworks */ = {
			isa = PBXFrameworksBuildPhase;
			buildActionMask = 2147483647;
			files = (
				B361835D2C530FE800C1720B /* KeychainSwift in Frameworks */,
				B361836B2C5324C000C1720B /* UIView-Shimmer in Frameworks */,
				B36183652C531DD600C1720B /* SnapKit in Frameworks */,
			);
			runOnlyForDeploymentPostprocessing = 0;
		};
		B36183242C52F1BA00C1720B /* Frameworks */ = {
			isa = PBXFrameworksBuildPhase;
			buildActionMask = 2147483647;
			files = (
			);
			runOnlyForDeploymentPostprocessing = 0;
		};
		B361832E2C52F1BA00C1720B /* Frameworks */ = {
			isa = PBXFrameworksBuildPhase;
			buildActionMask = 2147483647;
			files = (
			);
			runOnlyForDeploymentPostprocessing = 0;
		};
/* End PBXFrameworksBuildPhase section */

/* Begin PBXGroup section */
		B36183082C52F1B600C1720B = {
			isa = PBXGroup;
			children = (
				B36183132C52F1B600C1720B /* crypto_exchange_app */,
				B361832A2C52F1BA00C1720B /* crypto_exchange_appTests */,
				B36183342C52F1BA00C1720B /* crypto_exchange_appUITests */,
				B36183122C52F1B600C1720B /* Products */,
			);
			sourceTree = "<group>";
		};
		B36183122C52F1B600C1720B /* Products */ = {
			isa = PBXGroup;
			children = (
				B36183112C52F1B600C1720B /* crypto_exchange_app.app */,
				B36183272C52F1BA00C1720B /* crypto_exchange_appTests.xctest */,
				B36183312C52F1BA00C1720B /* crypto_exchange_appUITests.xctest */,
			);
			name = Products;
			sourceTree = "<group>";
		};
		B36183132C52F1B600C1720B /* crypto_exchange_app */ = {
			isa = PBXGroup;
			children = (
				B36183522C52F39F00C1720B /* Network */,
				B36183512C52F39400C1720B /* Extensions */,
				B36183442C52F24A00C1720B /* Scenes */,
				B36183502C52F2F400C1720B /* Infrastructure */,
				B361831D2C52F1BA00C1720B /* Assets.xcassets */,
				B36183222C52F1BA00C1720B /* Info.plist */,
			);
			path = crypto_exchange_app;
			sourceTree = "<group>";
		};
		B361832A2C52F1BA00C1720B /* crypto_exchange_appTests */ = {
			isa = PBXGroup;
			children = (
				B361832B2C52F1BA00C1720B /* crypto_exchange_appTests.swift */,
			);
			path = crypto_exchange_appTests;
			sourceTree = "<group>";
		};
		B36183342C52F1BA00C1720B /* crypto_exchange_appUITests */ = {
			isa = PBXGroup;
			children = (
				B36183352C52F1BA00C1720B /* crypto_exchange_appUITests.swift */,
				B36183372C52F1BA00C1720B /* crypto_exchange_appUITestsLaunchTests.swift */,
			);
			path = crypto_exchange_appUITests;
			sourceTree = "<group>";
		};
		B36183442C52F24A00C1720B /* Scenes */ = {
			isa = PBXGroup;
			children = (
				B361836C2C532EA100C1720B /* ExchangeDetails */,
				B36183452C52F25000C1720B /* ExchangeList */,
			);
			path = Scenes;
			sourceTree = "<group>";
		};
		B36183452C52F25000C1720B /* ExchangeList */ = {
			isa = PBXGroup;
			children = (
				B36183662C531E8100C1720B /* Views */,
				B36183462C52F26E00C1720B /* ExchangeListPresenter.swift */,
				B36183472C52F26E00C1720B /* ExchangeListRouter.swift */,
				B36183482C52F26E00C1720B /* ExchangeListViewController.swift */,
				B36183492C52F26E00C1720B /* ExchangeListInteractor.swift */,
				B361834A2C52F26E00C1720B /* ExchangeListModel.swift */,
			);
			path = ExchangeList;
			sourceTree = "<group>";
		};
		B36183502C52F2F400C1720B /* Infrastructure */ = {
			isa = PBXGroup;
			children = (
				B36183142C52F1B600C1720B /* AppDelegate.swift */,
				B36183162C52F1B600C1720B /* SceneDelegate.swift */,
			);
			path = Infrastructure;
			sourceTree = "<group>";
		};
		B36183512C52F39400C1720B /* Extensions */ = {
			isa = PBXGroup;
			children = (
				B36183772C53D13200C1720B /* DateFormatter+Extension.swift */,
			);
			path = Extensions;
			sourceTree = "<group>";
		};
		B36183522C52F39F00C1720B /* Network */ = {
			isa = PBXGroup;
			children = (
				B36183532C52F3E200C1720B /* ServiceProvider.swift */,
				B36183562C52F6F800C1720B /* ServiceProviderModel.swift */,
			);
			path = Network;
			sourceTree = "<group>";
		};
		B36183662C531E8100C1720B /* Views */ = {
			isa = PBXGroup;
			children = (
				B36183672C531E8D00C1720B /* CustomExchangeCell.swift */,
			);
			path = Views;
			sourceTree = "<group>";
		};
		B361836C2C532EA100C1720B /* ExchangeDetails */ = {
			isa = PBXGroup;
			children = (
				B361836D2C532EB500C1720B /* ExchangeDetailsPresenter.swift */,
				B361836E2C532EB500C1720B /* ExchangeDetailsRouter.swift */,
				B361836F2C532EB500C1720B /* ExchangeDetailsViewController.swift */,
				B36183702C532EB500C1720B /* ExchangeDetailsInteractor.swift */,
				B36183712C532EB500C1720B /* ExchangeDetailsModel.swift */,
			);
			path = ExchangeDetails;
			sourceTree = "<group>";
		};
/* End PBXGroup section */

/* Begin PBXNativeTarget section */
		B36183102C52F1B600C1720B /* crypto_exchange_app */ = {
			isa = PBXNativeTarget;
			buildConfigurationList = B361833B2C52F1BA00C1720B /* Build configuration list for PBXNativeTarget "crypto_exchange_app" */;
			buildPhases = (
				B361830D2C52F1B600C1720B /* Sources */,
				B361830E2C52F1B600C1720B /* Frameworks */,
				B361830F2C52F1B600C1720B /* Resources */,
			);
			buildRules = (
			);
			dependencies = (
			);
			name = crypto_exchange_app;
			packageProductDependencies = (
				B361835C2C530FE800C1720B /* KeychainSwift */,
				B36183642C531DD600C1720B /* SnapKit */,
				B361836A2C5324C000C1720B /* UIView-Shimmer */,
			);
			productName = crypto_exchange_app;
			productReference = B36183112C52F1B600C1720B /* crypto_exchange_app.app */;
			productType = "com.apple.product-type.application";
		};
		B36183262C52F1BA00C1720B /* crypto_exchange_appTests */ = {
			isa = PBXNativeTarget;
			buildConfigurationList = B361833E2C52F1BA00C1720B /* Build configuration list for PBXNativeTarget "crypto_exchange_appTests" */;
			buildPhases = (
				B36183232C52F1BA00C1720B /* Sources */,
				B36183242C52F1BA00C1720B /* Frameworks */,
				B36183252C52F1BA00C1720B /* Resources */,
			);
			buildRules = (
			);
			dependencies = (
				B36183292C52F1BA00C1720B /* PBXTargetDependency */,
			);
			name = crypto_exchange_appTests;
			productName = crypto_exchange_appTests;
			productReference = B36183272C52F1BA00C1720B /* crypto_exchange_appTests.xctest */;
			productType = "com.apple.product-type.bundle.unit-test";
		};
		B36183302C52F1BA00C1720B /* crypto_exchange_appUITests */ = {
			isa = PBXNativeTarget;
			buildConfigurationList = B36183412C52F1BA00C1720B /* Build configuration list for PBXNativeTarget "crypto_exchange_appUITests" */;
			buildPhases = (
				B361832D2C52F1BA00C1720B /* Sources */,
				B361832E2C52F1BA00C1720B /* Frameworks */,
				B361832F2C52F1BA00C1720B /* Resources */,
			);
			buildRules = (
			);
			dependencies = (
				B36183332C52F1BA00C1720B /* PBXTargetDependency */,
			);
			name = crypto_exchange_appUITests;
			productName = crypto_exchange_appUITests;
			productReference = B36183312C52F1BA00C1720B /* crypto_exchange_appUITests.xctest */;
			productType = "com.apple.product-type.bundle.ui-testing";
		};
/* End PBXNativeTarget section */

/* Begin PBXProject section */
		B36183092C52F1B600C1720B /* Project object */ = {
			isa = PBXProject;
			attributes = {
				BuildIndependentTargetsInParallel = 1;
				LastSwiftUpdateCheck = 1520;
				LastUpgradeCheck = 1520;
				TargetAttributes = {
					B36183102C52F1B600C1720B = {
						CreatedOnToolsVersion = 15.2;
					};
					B36183262C52F1BA00C1720B = {
						CreatedOnToolsVersion = 15.2;
						TestTargetID = B36183102C52F1B600C1720B;
					};
					B36183302C52F1BA00C1720B = {
						CreatedOnToolsVersion = 15.2;
						TestTargetID = B36183102C52F1B600C1720B;
					};
				};
			};
			buildConfigurationList = B361830C2C52F1B600C1720B /* Build configuration list for PBXProject "crypto_exchange_app" */;
			compatibilityVersion = "Xcode 14.0";
			developmentRegion = en;
			hasScannedForEncodings = 0;
			knownRegions = (
				en,
				Base,
			);
			mainGroup = B36183082C52F1B600C1720B;
			packageReferences = (
				B361835B2C530FE800C1720B /* XCRemoteSwiftPackageReference "keychain-swift" */,
				B36183632C531DD600C1720B /* XCRemoteSwiftPackageReference "SnapKit" */,
				B36183692C5324C000C1720B /* XCRemoteSwiftPackageReference "UIView-Shimmer" */,
			);
			productRefGroup = B36183122C52F1B600C1720B /* Products */;
			projectDirPath = "";
			projectRoot = "";
			targets = (
				B36183102C52F1B600C1720B /* crypto_exchange_app */,
				B36183262C52F1BA00C1720B /* crypto_exchange_appTests */,
				B36183302C52F1BA00C1720B /* crypto_exchange_appUITests */,
			);
		};
/* End PBXProject section */

/* Begin PBXResourcesBuildPhase section */
		B361830F2C52F1B600C1720B /* Resources */ = {
			isa = PBXResourcesBuildPhase;
			buildActionMask = 2147483647;
			files = (
				B361831E2C52F1BA00C1720B /* Assets.xcassets in Resources */,
			);
			runOnlyForDeploymentPostprocessing = 0;
		};
		B36183252C52F1BA00C1720B /* Resources */ = {
			isa = PBXResourcesBuildPhase;
			buildActionMask = 2147483647;
			files = (
			);
			runOnlyForDeploymentPostprocessing = 0;
		};
		B361832F2C52F1BA00C1720B /* Resources */ = {
			isa = PBXResourcesBuildPhase;
			buildActionMask = 2147483647;
			files = (
			);
			runOnlyForDeploymentPostprocessing = 0;
		};
/* End PBXResourcesBuildPhase section */

/* Begin PBXSourcesBuildPhase section */
		B361830D2C52F1B600C1720B /* Sources */ = {
			isa = PBXSourcesBuildPhase;
			buildActionMask = 2147483647;
			files = (
				B361834B2C52F26E00C1720B /* ExchangeListPresenter.swift in Sources */,
				B361834F2C52F26E00C1720B /* ExchangeListModel.swift in Sources */,
				B36183782C53D13200C1720B /* DateFormatter+Extension.swift in Sources */,
				B36183762C532EB500C1720B /* ExchangeDetailsModel.swift in Sources */,
				B36183722C532EB500C1720B /* ExchangeDetailsPresenter.swift in Sources */,
				B36183152C52F1B600C1720B /* AppDelegate.swift in Sources */,
				B36183732C532EB500C1720B /* ExchangeDetailsRouter.swift in Sources */,
				B36183572C52F6F800C1720B /* ServiceProviderModel.swift in Sources */,
				B36183172C52F1B600C1720B /* SceneDelegate.swift in Sources */,
				B361834D2C52F26E00C1720B /* ExchangeListViewController.swift in Sources */,
				B36183742C532EB500C1720B /* ExchangeDetailsViewController.swift in Sources */,
				B36183542C52F3E200C1720B /* ServiceProvider.swift in Sources */,
				B36183682C531E8D00C1720B /* CustomExchangeCell.swift in Sources */,
				B361834E2C52F26E00C1720B /* ExchangeListInteractor.swift in Sources */,
				B36183752C532EB500C1720B /* ExchangeDetailsInteractor.swift in Sources */,
				B361834C2C52F26E00C1720B /* ExchangeListRouter.swift in Sources */,
			);
			runOnlyForDeploymentPostprocessing = 0;
		};
		B36183232C52F1BA00C1720B /* Sources */ = {
			isa = PBXSourcesBuildPhase;
			buildActionMask = 2147483647;
			files = (
				B361832C2C52F1BA00C1720B /* crypto_exchange_appTests.swift in Sources */,
			);
			runOnlyForDeploymentPostprocessing = 0;
		};
		B361832D2C52F1BA00C1720B /* Sources */ = {
			isa = PBXSourcesBuildPhase;
			buildActionMask = 2147483647;
			files = (
				B36183382C52F1BA00C1720B /* crypto_exchange_appUITestsLaunchTests.swift in Sources */,
				B36183362C52F1BA00C1720B /* crypto_exchange_appUITests.swift in Sources */,
			);
			runOnlyForDeploymentPostprocessing = 0;
		};
/* End PBXSourcesBuildPhase section */

/* Begin PBXTargetDependency section */
		B36183292C52F1BA00C1720B /* PBXTargetDependency */ = {
			isa = PBXTargetDependency;
			target = B36183102C52F1B600C1720B /* crypto_exchange_app */;
			targetProxy = B36183282C52F1BA00C1720B /* PBXContainerItemProxy */;
		};
		B36183332C52F1BA00C1720B /* PBXTargetDependency */ = {
			isa = PBXTargetDependency;
			target = B36183102C52F1B600C1720B /* crypto_exchange_app */;
			targetProxy = B36183322C52F1BA00C1720B /* PBXContainerItemProxy */;
		};
/* End PBXTargetDependency section */

/* Begin XCBuildConfiguration section */
		B36183392C52F1BA00C1720B /* Debug */ = {
			isa = XCBuildConfiguration;
			buildSettings = {
				ALWAYS_SEARCH_USER_PATHS = NO;
				ASSETCATALOG_COMPILER_GENERATE_SWIFT_ASSET_SYMBOL_EXTENSIONS = YES;
				CLANG_ANALYZER_NONNULL = YES;
				CLANG_ANALYZER_NUMBER_OBJECT_CONVERSION = YES_AGGRESSIVE;
				CLANG_CXX_LANGUAGE_STANDARD = "gnu++20";
				CLANG_ENABLE_MODULES = YES;
				CLANG_ENABLE_OBJC_ARC = YES;
				CLANG_ENABLE_OBJC_WEAK = YES;
				CLANG_WARN_BLOCK_CAPTURE_AUTORELEASING = YES;
				CLANG_WARN_BOOL_CONVERSION = YES;
				CLANG_WARN_COMMA = YES;
				CLANG_WARN_CONSTANT_CONVERSION = YES;
				CLANG_WARN_DEPRECATED_OBJC_IMPLEMENTATIONS = YES;
				CLANG_WARN_DIRECT_OBJC_ISA_USAGE = YES_ERROR;
				CLANG_WARN_DOCUMENTATION_COMMENTS = YES;
				CLANG_WARN_EMPTY_BODY = YES;
				CLANG_WARN_ENUM_CONVERSION = YES;
				CLANG_WARN_INFINITE_RECURSION = YES;
				CLANG_WARN_INT_CONVERSION = YES;
				CLANG_WARN_NON_LITERAL_NULL_CONVERSION = YES;
				CLANG_WARN_OBJC_IMPLICIT_RETAIN_SELF = YES;
				CLANG_WARN_OBJC_LITERAL_CONVERSION = YES;
				CLANG_WARN_OBJC_ROOT_CLASS = YES_ERROR;
				CLANG_WARN_QUOTED_INCLUDE_IN_FRAMEWORK_HEADER = YES;
				CLANG_WARN_RANGE_LOOP_ANALYSIS = YES;
				CLANG_WARN_STRICT_PROTOTYPES = YES;
				CLANG_WARN_SUSPICIOUS_MOVE = YES;
				CLANG_WARN_UNGUARDED_AVAILABILITY = YES_AGGRESSIVE;
				CLANG_WARN_UNREACHABLE_CODE = YES;
				CLANG_WARN__DUPLICATE_METHOD_MATCH = YES;
				COPY_PHASE_STRIP = NO;
				DEBUG_INFORMATION_FORMAT = dwarf;
				ENABLE_STRICT_OBJC_MSGSEND = YES;
				ENABLE_TESTABILITY = YES;
				ENABLE_USER_SCRIPT_SANDBOXING = YES;
				GCC_C_LANGUAGE_STANDARD = gnu17;
				GCC_DYNAMIC_NO_PIC = NO;
				GCC_NO_COMMON_BLOCKS = YES;
				GCC_OPTIMIZATION_LEVEL = 0;
				GCC_PREPROCESSOR_DEFINITIONS = (
					"DEBUG=1",
					"$(inherited)",
				);
				GCC_WARN_64_TO_32_BIT_CONVERSION = YES;
				GCC_WARN_ABOUT_RETURN_TYPE = YES_ERROR;
				GCC_WARN_UNDECLARED_SELECTOR = YES;
				GCC_WARN_UNINITIALIZED_AUTOS = YES_AGGRESSIVE;
				GCC_WARN_UNUSED_FUNCTION = YES;
				GCC_WARN_UNUSED_VARIABLE = YES;
				IPHONEOS_DEPLOYMENT_TARGET = 17.2;
				LOCALIZATION_PREFERS_STRING_CATALOGS = YES;
				MTL_ENABLE_DEBUG_INFO = INCLUDE_SOURCE;
				MTL_FAST_MATH = YES;
				ONLY_ACTIVE_ARCH = YES;
				SDKROOT = iphoneos;
				SWIFT_ACTIVE_COMPILATION_CONDITIONS = "DEBUG $(inherited)";
				SWIFT_OPTIMIZATION_LEVEL = "-Onone";
			};
			name = Debug;
		};
		B361833A2C52F1BA00C1720B /* Release */ = {
			isa = XCBuildConfiguration;
			buildSettings = {
				ALWAYS_SEARCH_USER_PATHS = NO;
				ASSETCATALOG_COMPILER_GENERATE_SWIFT_ASSET_SYMBOL_EXTENSIONS = YES;
				CLANG_ANALYZER_NONNULL = YES;
				CLANG_ANALYZER_NUMBER_OBJECT_CONVERSION = YES_AGGRESSIVE;
				CLANG_CXX_LANGUAGE_STANDARD = "gnu++20";
				CLANG_ENABLE_MODULES = YES;
				CLANG_ENABLE_OBJC_ARC = YES;
				CLANG_ENABLE_OBJC_WEAK = YES;
				CLANG_WARN_BLOCK_CAPTURE_AUTORELEASING = YES;
				CLANG_WARN_BOOL_CONVERSION = YES;
				CLANG_WARN_COMMA = YES;
				CLANG_WARN_CONSTANT_CONVERSION = YES;
				CLANG_WARN_DEPRECATED_OBJC_IMPLEMENTATIONS = YES;
				CLANG_WARN_DIRECT_OBJC_ISA_USAGE = YES_ERROR;
				CLANG_WARN_DOCUMENTATION_COMMENTS = YES;
				CLANG_WARN_EMPTY_BODY = YES;
				CLANG_WARN_ENUM_CONVERSION = YES;
				CLANG_WARN_INFINITE_RECURSION = YES;
				CLANG_WARN_INT_CONVERSION = YES;
				CLANG_WARN_NON_LITERAL_NULL_CONVERSION = YES;
				CLANG_WARN_OBJC_IMPLICIT_RETAIN_SELF = YES;
				CLANG_WARN_OBJC_LITERAL_CONVERSION = YES;
				CLANG_WARN_OBJC_ROOT_CLASS = YES_ERROR;
				CLANG_WARN_QUOTED_INCLUDE_IN_FRAMEWORK_HEADER = YES;
				CLANG_WARN_RANGE_LOOP_ANALYSIS = YES;
				CLANG_WARN_STRICT_PROTOTYPES = YES;
				CLANG_WARN_SUSPICIOUS_MOVE = YES;
				CLANG_WARN_UNGUARDED_AVAILABILITY = YES_AGGRESSIVE;
				CLANG_WARN_UNREACHABLE_CODE = YES;
				CLANG_WARN__DUPLICATE_METHOD_MATCH = YES;
				COPY_PHASE_STRIP = NO;
				DEBUG_INFORMATION_FORMAT = "dwarf-with-dsym";
				ENABLE_NS_ASSERTIONS = NO;
				ENABLE_STRICT_OBJC_MSGSEND = YES;
				ENABLE_USER_SCRIPT_SANDBOXING = YES;
				GCC_C_LANGUAGE_STANDARD = gnu17;
				GCC_NO_COMMON_BLOCKS = YES;
				GCC_WARN_64_TO_32_BIT_CONVERSION = YES;
				GCC_WARN_ABOUT_RETURN_TYPE = YES_ERROR;
				GCC_WARN_UNDECLARED_SELECTOR = YES;
				GCC_WARN_UNINITIALIZED_AUTOS = YES_AGGRESSIVE;
				GCC_WARN_UNUSED_FUNCTION = YES;
				GCC_WARN_UNUSED_VARIABLE = YES;
				IPHONEOS_DEPLOYMENT_TARGET = 17.2;
				LOCALIZATION_PREFERS_STRING_CATALOGS = YES;
				MTL_ENABLE_DEBUG_INFO = NO;
				MTL_FAST_MATH = YES;
				SDKROOT = iphoneos;
				SWIFT_COMPILATION_MODE = wholemodule;
				VALIDATE_PRODUCT = YES;
			};
			name = Release;
		};
		B361833C2C52F1BA00C1720B /* Debug */ = {
			isa = XCBuildConfiguration;
			buildSettings = {
				ASSETCATALOG_COMPILER_APPICON_NAME = AppIcon;
				ASSETCATALOG_COMPILER_GLOBAL_ACCENT_COLOR_NAME = AccentColor;
				CODE_SIGN_STYLE = Automatic;
				CURRENT_PROJECT_VERSION = 1;
				GENERATE_INFOPLIST_FILE = YES;
				INFOPLIST_FILE = crypto_exchange_app/Info.plist;
				INFOPLIST_KEY_UIApplicationSupportsIndirectInputEvents = YES;
				INFOPLIST_KEY_UILaunchStoryboardName = LaunchScreen;
				INFOPLIST_KEY_UISupportedInterfaceOrientations_iPad = "UIInterfaceOrientationPortrait UIInterfaceOrientationPortraitUpsideDown UIInterfaceOrientationLandscapeLeft UIInterfaceOrientationLandscapeRight";
				INFOPLIST_KEY_UISupportedInterfaceOrientations_iPhone = "UIInterfaceOrientationPortrait UIInterfaceOrientationLandscapeLeft UIInterfaceOrientationLandscapeRight";
				LD_RUNPATH_SEARCH_PATHS = (
					"$(inherited)",
					"@executable_path/Frameworks",
				);
				MARKETING_VERSION = 1.0;
				PRODUCT_BUNDLE_IDENTIFIER = "crypto-exchange-app.crypto-exchange-app";
				PRODUCT_NAME = "$(TARGET_NAME)";
				SWIFT_EMIT_LOC_STRINGS = YES;
				SWIFT_VERSION = 5.0;
				TARGETED_DEVICE_FAMILY = "1,2";
			};
			name = Debug;
		};
		B361833D2C52F1BA00C1720B /* Release */ = {
			isa = XCBuildConfiguration;
			buildSettings = {
				ASSETCATALOG_COMPILER_APPICON_NAME = AppIcon;
				ASSETCATALOG_COMPILER_GLOBAL_ACCENT_COLOR_NAME = AccentColor;
				CODE_SIGN_STYLE = Automatic;
				CURRENT_PROJECT_VERSION = 1;
				GENERATE_INFOPLIST_FILE = YES;
				INFOPLIST_FILE = crypto_exchange_app/Info.plist;
				INFOPLIST_KEY_UIApplicationSupportsIndirectInputEvents = YES;
				INFOPLIST_KEY_UILaunchStoryboardName = LaunchScreen;
				INFOPLIST_KEY_UISupportedInterfaceOrientations_iPad = "UIInterfaceOrientationPortrait UIInterfaceOrientationPortraitUpsideDown UIInterfaceOrientationLandscapeLeft UIInterfaceOrientationLandscapeRight";
				INFOPLIST_KEY_UISupportedInterfaceOrientations_iPhone = "UIInterfaceOrientationPortrait UIInterfaceOrientationLandscapeLeft UIInterfaceOrientationLandscapeRight";
				LD_RUNPATH_SEARCH_PATHS = (
					"$(inherited)",
					"@executable_path/Frameworks",
				);
				MARKETING_VERSION = 1.0;
				PRODUCT_BUNDLE_IDENTIFIER = "crypto-exchange-app.crypto-exchange-app";
				PRODUCT_NAME = "$(TARGET_NAME)";
				SWIFT_EMIT_LOC_STRINGS = YES;
				SWIFT_VERSION = 5.0;
				TARGETED_DEVICE_FAMILY = "1,2";
			};
			name = Release;
		};
		B361833F2C52F1BA00C1720B /* Debug */ = {
			isa = XCBuildConfiguration;
			buildSettings = {
				ALWAYS_EMBED_SWIFT_STANDARD_LIBRARIES = YES;
				BUNDLE_LOADER = "$(TEST_HOST)";
				CODE_SIGN_STYLE = Automatic;
				CURRENT_PROJECT_VERSION = 1;
				GENERATE_INFOPLIST_FILE = YES;
				IPHONEOS_DEPLOYMENT_TARGET = 17.2;
				MARKETING_VERSION = 1.0;
				PRODUCT_BUNDLE_IDENTIFIER = "crypto-exchange-app.crypto-exchange-appTests";
				PRODUCT_NAME = "$(TARGET_NAME)";
				SWIFT_EMIT_LOC_STRINGS = NO;
				SWIFT_VERSION = 5.0;
				TARGETED_DEVICE_FAMILY = "1,2";
				TEST_HOST = "$(BUILT_PRODUCTS_DIR)/crypto_exchange_app.app/$(BUNDLE_EXECUTABLE_FOLDER_PATH)/crypto_exchange_app";
			};
			name = Debug;
		};
		B36183402C52F1BA00C1720B /* Release */ = {
			isa = XCBuildConfiguration;
			buildSettings = {
				ALWAYS_EMBED_SWIFT_STANDARD_LIBRARIES = YES;
				BUNDLE_LOADER = "$(TEST_HOST)";
				CODE_SIGN_STYLE = Automatic;
				CURRENT_PROJECT_VERSION = 1;
				GENERATE_INFOPLIST_FILE = YES;
				IPHONEOS_DEPLOYMENT_TARGET = 17.2;
				MARKETING_VERSION = 1.0;
				PRODUCT_BUNDLE_IDENTIFIER = "crypto-exchange-app.crypto-exchange-appTests";
				PRODUCT_NAME = "$(TARGET_NAME)";
				SWIFT_EMIT_LOC_STRINGS = NO;
				SWIFT_VERSION = 5.0;
				TARGETED_DEVICE_FAMILY = "1,2";
				TEST_HOST = "$(BUILT_PRODUCTS_DIR)/crypto_exchange_app.app/$(BUNDLE_EXECUTABLE_FOLDER_PATH)/crypto_exchange_app";
			};
			name = Release;
		};
		B36183422C52F1BA00C1720B /* Debug */ = {
			isa = XCBuildConfiguration;
			buildSettings = {
				ALWAYS_EMBED_SWIFT_STANDARD_LIBRARIES = YES;
				CODE_SIGN_STYLE = Automatic;
				CURRENT_PROJECT_VERSION = 1;
				GENERATE_INFOPLIST_FILE = YES;
				MARKETING_VERSION = 1.0;
				PRODUCT_BUNDLE_IDENTIFIER = "crypto-exchange-app.crypto-exchange-appUITests";
				PRODUCT_NAME = "$(TARGET_NAME)";
				SWIFT_EMIT_LOC_STRINGS = NO;
				SWIFT_VERSION = 5.0;
				TARGETED_DEVICE_FAMILY = "1,2";
				TEST_TARGET_NAME = crypto_exchange_app;
			};
			name = Debug;
		};
		B36183432C52F1BA00C1720B /* Release */ = {
			isa = XCBuildConfiguration;
			buildSettings = {
				ALWAYS_EMBED_SWIFT_STANDARD_LIBRARIES = YES;
				CODE_SIGN_STYLE = Automatic;
				CURRENT_PROJECT_VERSION = 1;
				GENERATE_INFOPLIST_FILE = YES;
				MARKETING_VERSION = 1.0;
				PRODUCT_BUNDLE_IDENTIFIER = "crypto-exchange-app.crypto-exchange-appUITests";
				PRODUCT_NAME = "$(TARGET_NAME)";
				SWIFT_EMIT_LOC_STRINGS = NO;
				SWIFT_VERSION = 5.0;
				TARGETED_DEVICE_FAMILY = "1,2";
				TEST_TARGET_NAME = crypto_exchange_app;
			};
			name = Release;
		};
/* End XCBuildConfiguration section */

/* Begin XCConfigurationList section */
		B361830C2C52F1B600C1720B /* Build configuration list for PBXProject "crypto_exchange_app" */ = {
			isa = XCConfigurationList;
			buildConfigurations = (
				B36183392C52F1BA00C1720B /* Debug */,
				B361833A2C52F1BA00C1720B /* Release */,
			);
			defaultConfigurationIsVisible = 0;
			defaultConfigurationName = Release;
		};
		B361833B2C52F1BA00C1720B /* Build configuration list for PBXNativeTarget "crypto_exchange_app" */ = {
			isa = XCConfigurationList;
			buildConfigurations = (
				B361833C2C52F1BA00C1720B /* Debug */,
				B361833D2C52F1BA00C1720B /* Release */,
			);
			defaultConfigurationIsVisible = 0;
			defaultConfigurationName = Release;
		};
		B361833E2C52F1BA00C1720B /* Build configuration list for PBXNativeTarget "crypto_exchange_appTests" */ = {
			isa = XCConfigurationList;
			buildConfigurations = (
				B361833F2C52F1BA00C1720B /* Debug */,
				B36183402C52F1BA00C1720B /* Release */,
			);
			defaultConfigurationIsVisible = 0;
			defaultConfigurationName = Release;
		};
		B36183412C52F1BA00C1720B /* Build configuration list for PBXNativeTarget "crypto_exchange_appUITests" */ = {
			isa = XCConfigurationList;
			buildConfigurations = (
				B36183422C52F1BA00C1720B /* Debug */,
				B36183432C52F1BA00C1720B /* Release */,
			);
			defaultConfigurationIsVisible = 0;
			defaultConfigurationName = Release;
		};
/* End XCConfigurationList section */

/* Begin XCRemoteSwiftPackageReference section */
		B361835B2C530FE800C1720B /* XCRemoteSwiftPackageReference "keychain-swift" */ = {
			isa = XCRemoteSwiftPackageReference;
			repositoryURL = "https://github.com/evgenyneu/keychain-swift";
			requirement = {
				kind = upToNextMajorVersion;
				minimumVersion = 24.0.0;
			};
		};
		B36183632C531DD600C1720B /* XCRemoteSwiftPackageReference "SnapKit" */ = {
			isa = XCRemoteSwiftPackageReference;
			repositoryURL = "https://github.com/SnapKit/SnapKit";
			requirement = {
				kind = upToNextMajorVersion;
				minimumVersion = 5.7.1;
			};
		};
		B36183692C5324C000C1720B /* XCRemoteSwiftPackageReference "UIView-Shimmer" */ = {
			isa = XCRemoteSwiftPackageReference;
			repositoryURL = "https://github.com/omerfarukozturk/UIView-Shimmer.git";
			requirement = {
				kind = upToNextMajorVersion;
				minimumVersion = 1.0.4;
			};
		};
/* End XCRemoteSwiftPackageReference section */

/* Begin XCSwiftPackageProductDependency section */
		B361835C2C530FE800C1720B /* KeychainSwift */ = {
			isa = XCSwiftPackageProductDependency;
			package = B361835B2C530FE800C1720B /* XCRemoteSwiftPackageReference "keychain-swift" */;
			productName = KeychainSwift;
		};
		B36183642C531DD600C1720B /* SnapKit */ = {
			isa = XCSwiftPackageProductDependency;
			package = B36183632C531DD600C1720B /* XCRemoteSwiftPackageReference "SnapKit" */;
			productName = SnapKit;
		};
		B361836A2C5324C000C1720B /* UIView-Shimmer */ = {
			isa = XCSwiftPackageProductDependency;
			package = B36183692C5324C000C1720B /* XCRemoteSwiftPackageReference "UIView-Shimmer" */;
			productName = "UIView-Shimmer";
		};
/* End XCSwiftPackageProductDependency section */
	};
	rootObject = B36183092C52F1B600C1720B /* Project object */;
}
